// !$*UTF8*$!
{
	archiveVersion = 1;
	classes = {
	};
	objectVersion = 48;
	objects = {

/* Begin PBXBuildFile section */
		851F11C4203A1E2100BF0568 /* 22449797_10212906857778812_7920802752274574858_n.jpg in Resources */ = {isa = PBXBuildFile; fileRef = 851F11C1203A1E2000BF0568 /* 22449797_10212906857778812_7920802752274574858_n.jpg */; };
		851F11C5203A1E2100BF0568 /* 25442773_1745305322207090_2836341234567990004_n.jpg in Resources */ = {isa = PBXBuildFile; fileRef = 851F11C2203A1E2000BF0568 /* 25442773_1745305322207090_2836341234567990004_n.jpg */; };
		851F11C6203A1E2100BF0568 /* 18155936_10206741185926782_2149480342325310169_o.jpg in Resources */ = {isa = PBXBuildFile; fileRef = 851F11C3203A1E2000BF0568 /* 18155936_10206741185926782_2149480342325310169_o.jpg */; };
		851F11C8203A1E7200BF0568 /* db6_RAFT.jpg in Resources */ = {isa = PBXBuildFile; fileRef = 851F11C7203A1E7200BF0568 /* db6_RAFT.jpg */; };
		851F11CA203A219D00BF0568 /* Screen Shot 2018-02-18 at 4.03.01 PM.png in Resources */ = {isa = PBXBuildFile; fileRef = 851F11C9203A219C00BF0568 /* Screen Shot 2018-02-18 at 4.03.01 PM.png */; };
		8543A76B20367AA800EF8D5B /* checked-filled.png in Resources */ = {isa = PBXBuildFile; fileRef = 8543A76A20367AA800EF8D5B /* checked-filled.png */; };
		85D3E1C3203672920095BEB4 /* AppDelegate.swift in Sources */ = {isa = PBXBuildFile; fileRef = 85D3E1C2203672920095BEB4 /* AppDelegate.swift */; };
		85D3E1C5203672920095BEB4 /* ViewController.swift in Sources */ = {isa = PBXBuildFile; fileRef = 85D3E1C4203672920095BEB4 /* ViewController.swift */; };
		85D3E1C8203672920095BEB4 /* Main.storyboard in Resources */ = {isa = PBXBuildFile; fileRef = 85D3E1C6203672920095BEB4 /* Main.storyboard */; };
		85D3E1CA203672920095BEB4 /* Assets.xcassets in Resources */ = {isa = PBXBuildFile; fileRef = 85D3E1C9203672920095BEB4 /* Assets.xcassets */; };
		85D3E1CD203672920095BEB4 /* LaunchScreen.storyboard in Resources */ = {isa = PBXBuildFile; fileRef = 85D3E1CB203672920095BEB4 /* LaunchScreen.storyboard */; };
		85D3E1D8203672920095BEB4 /* Stumble_MatchesTests.swift in Sources */ = {isa = PBXBuildFile; fileRef = 85D3E1D7203672920095BEB4 /* Stumble_MatchesTests.swift */; };
		85D3E1E3203672920095BEB4 /* Stumble_MatchesUITests.swift in Sources */ = {isa = PBXBuildFile; fileRef = 85D3E1E2203672920095BEB4 /* Stumble_MatchesUITests.swift */; };
		85D3E1F12036786D0095BEB4 /* checked-filled.png in Resources */ = {isa = PBXBuildFile; fileRef = 85D3E1F02036786D0095BEB4 /* checked-filled.png */; };
/* End PBXBuildFile section */

/* Begin PBXContainerItemProxy section */
		85D3E1D4203672920095BEB4 /* PBXContainerItemProxy */ = {
			isa = PBXContainerItemProxy;
			containerPortal = 85D3E1B7203672920095BEB4 /* Project object */;
			proxyType = 1;
			remoteGlobalIDString = 85D3E1BE203672920095BEB4;
			remoteInfo = Stumble_Matches;
		};
		85D3E1DF203672920095BEB4 /* PBXContainerItemProxy */ = {
			isa = PBXContainerItemProxy;
			containerPortal = 85D3E1B7203672920095BEB4 /* Project object */;
			proxyType = 1;
			remoteGlobalIDString = 85D3E1BE203672920095BEB4;
			remoteInfo = Stumble_Matches;
		};
/* End PBXContainerItemProxy section */

/* Begin PBXFileReference section */
		851F11C1203A1E2000BF0568 /* 22449797_10212906857778812_7920802752274574858_n.jpg */ = {isa = PBXFileReference; lastKnownFileType = image.jpeg; name = 22449797_10212906857778812_7920802752274574858_n.jpg; path = "../../../../../../Desktop/School/Spring 2018/CSCI 4800/Term Project/Term Project images/22449797_10212906857778812_7920802752274574858_n.jpg"; sourceTree = "<group>"; };
		851F11C2203A1E2000BF0568 /* 25442773_1745305322207090_2836341234567990004_n.jpg */ = {isa = PBXFileReference; lastKnownFileType = image.jpeg; name = 25442773_1745305322207090_2836341234567990004_n.jpg; path = "../../../../../../Desktop/School/Spring 2018/CSCI 4800/Term Project/Term Project images/25442773_1745305322207090_2836341234567990004_n.jpg"; sourceTree = "<group>"; };
		851F11C3203A1E2000BF0568 /* 18155936_10206741185926782_2149480342325310169_o.jpg */ = {isa = PBXFileReference; lastKnownFileType = image.jpeg; name = 18155936_10206741185926782_2149480342325310169_o.jpg; path = "../../../../../../Desktop/School/Spring 2018/CSCI 4800/Term Project/Term Project images/18155936_10206741185926782_2149480342325310169_o.jpg"; sourceTree = "<group>"; };
		851F11C7203A1E7200BF0568 /* db6_RAFT.jpg */ = {isa = PBXFileReference; lastKnownFileType = image.jpeg; name = db6_RAFT.jpg; path = ../../../../../../Desktop/Life/Pictures/Selfies/db6_RAFT.jpg; sourceTree = "<group>"; };
		851F11C9203A219C00BF0568 /* Screen Shot 2018-02-18 at 4.03.01 PM.png */ = {isa = PBXFileReference; lastKnownFileType = image.png; name = "Screen Shot 2018-02-18 at 4.03.01 PM.png"; path = "../../../../../../Desktop/School/Spring 2018/CSCI 4800/Term Project/Term Project images/Screen Shot 2018-02-18 at 4.03.01 PM.png"; sourceTree = "<group>"; };
		8543A76A20367AA800EF8D5B /* checked-filled.png */ = {isa = PBXFileReference; lastKnownFileType = image.png; name = "checked-filled.png"; path = "../../../../../../Desktop/School/Spring 2018/CSCI 4800/Term Project/Term Project images/checked-filled.png"; sourceTree = "<group>"; };
		85D3E1BF203672920095BEB4 /* Stumble_Matches.app */ = {isa = PBXFileReference; explicitFileType = wrapper.application; includeInIndex = 0; path = Stumble_Matches.app; sourceTree = BUILT_PRODUCTS_DIR; };
		85D3E1C2203672920095BEB4 /* AppDelegate.swift */ = {isa = PBXFileReference; lastKnownFileType = sourcecode.swift; path = AppDelegate.swift; sourceTree = "<group>"; };
		85D3E1C4203672920095BEB4 /* ViewController.swift */ = {isa = PBXFileReference; lastKnownFileType = sourcecode.swift; path = ViewController.swift; sourceTree = "<group>"; };
		85D3E1C7203672920095BEB4 /* Base */ = {isa = PBXFileReference; lastKnownFileType = file.storyboard; name = Base; path = Base.lproj/Main.storyboard; sourceTree = "<group>"; };
		85D3E1C9203672920095BEB4 /* Assets.xcassets */ = {isa = PBXFileReference; lastKnownFileType = folder.assetcatalog; path = Assets.xcassets; sourceTree = "<group>"; };
		85D3E1CC203672920095BEB4 /* Base */ = {isa = PBXFileReference; lastKnownFileType = file.storyboard; name = Base; path = Base.lproj/LaunchScreen.storyboard; sourceTree = "<group>"; };
		85D3E1CE203672920095BEB4 /* Info.plist */ = {isa = PBXFileReference; lastKnownFileType = text.plist.xml; path = Info.plist; sourceTree = "<group>"; };
		85D3E1D3203672920095BEB4 /* Stumble_MatchesTests.xctest */ = {isa = PBXFileReference; explicitFileType = wrapper.cfbundle; includeInIndex = 0; path = Stumble_MatchesTests.xctest; sourceTree = BUILT_PRODUCTS_DIR; };
		85D3E1D7203672920095BEB4 /* Stumble_MatchesTests.swift */ = {isa = PBXFileReference; lastKnownFileType = sourcecode.swift; path = Stumble_MatchesTests.swift; sourceTree = "<group>"; };
		85D3E1D9203672920095BEB4 /* Info.plist */ = {isa = PBXFileReference; lastKnownFileType = text.plist.xml; path = Info.plist; sourceTree = "<group>"; };
		85D3E1DE203672920095BEB4 /* Stumble_MatchesUITests.xctest */ = {isa = PBXFileReference; explicitFileType = wrapper.cfbundle; includeInIndex = 0; path = Stumble_MatchesUITests.xctest; sourceTree = BUILT_PRODUCTS_DIR; };
		85D3E1E2203672920095BEB4 /* Stumble_MatchesUITests.swift */ = {isa = PBXFileReference; lastKnownFileType = sourcecode.swift; path = Stumble_MatchesUITests.swift; sourceTree = "<group>"; };
		85D3E1E4203672920095BEB4 /* Info.plist */ = {isa = PBXFileReference; lastKnownFileType = text.plist.xml; path = Info.plist; sourceTree = "<group>"; };
		85D3E1F02036786D0095BEB4 /* checked-filled.png */ = {isa = PBXFileReference; lastKnownFileType = image.png; name = "checked-filled.png"; path = "../../../../../../Desktop/checked-filled.png"; sourceTree = "<group>"; };
/* End PBXFileReference section */

/* Begin PBXFrameworksBuildPhase section */
		85D3E1BC203672920095BEB4 /* Frameworks */ = {
			isa = PBXFrameworksBuildPhase;
			buildActionMask = 2147483647;
			files = (
			);
			runOnlyForDeploymentPostprocessing = 0;
		};
		85D3E1D0203672920095BEB4 /* Frameworks */ = {
			isa = PBXFrameworksBuildPhase;
			buildActionMask = 2147483647;
			files = (
			);
			runOnlyForDeploymentPostprocessing = 0;
		};
		85D3E1DB203672920095BEB4 /* Frameworks */ = {
			isa = PBXFrameworksBuildPhase;
			buildActionMask = 2147483647;
			files = (
			);
			runOnlyForDeploymentPostprocessing = 0;
		};
/* End PBXFrameworksBuildPhase section */

/* Begin PBXGroup section */
		85D3E1B6203672920095BEB4 = {
			isa = PBXGroup;
			children = (
				85D3E1C1203672920095BEB4 /* Stumble_Matches */,
				85D3E1D6203672920095BEB4 /* Stumble_MatchesTests */,
				85D3E1E1203672920095BEB4 /* Stumble_MatchesUITests */,
				85D3E1C0203672920095BEB4 /* Products */,
			);
			sourceTree = "<group>";
		};
		85D3E1C0203672920095BEB4 /* Products */ = {
			isa = PBXGroup;
			children = (
				85D3E1BF203672920095BEB4 /* Stumble_Matches.app */,
				85D3E1D3203672920095BEB4 /* Stumble_MatchesTests.xctest */,
				85D3E1DE203672920095BEB4 /* Stumble_MatchesUITests.xctest */,
			);
			name = Products;
			sourceTree = "<group>";
		};
		85D3E1C1203672920095BEB4 /* Stumble_Matches */ = {
			isa = PBXGroup;
			children = (
				85D3E1C2203672920095BEB4 /* AppDelegate.swift */,
				85D3E1C4203672920095BEB4 /* ViewController.swift */,
				85D3E1C6203672920095BEB4 /* Main.storyboard */,
				851F11C7203A1E7200BF0568 /* db6_RAFT.jpg */,
				851F11C3203A1E2000BF0568 /* 18155936_10206741185926782_2149480342325310169_o.jpg */,
				851F11C1203A1E2000BF0568 /* 22449797_10212906857778812_7920802752274574858_n.jpg */,
				851F11C9203A219C00BF0568 /* Screen Shot 2018-02-18 at 4.03.01 PM.png */,
				851F11C2203A1E2000BF0568 /* 25442773_1745305322207090_2836341234567990004_n.jpg */,
				85D3E1F02036786D0095BEB4 /* checked-filled.png */,
				8543A76A20367AA800EF8D5B /* checked-filled.png */,
				85D3E1C9203672920095BEB4 /* Assets.xcassets */,
				85D3E1CB203672920095BEB4 /* LaunchScreen.storyboard */,
				85D3E1CE203672920095BEB4 /* Info.plist */,
			);
			path = Stumble_Matches;
			sourceTree = "<group>";
		};
		85D3E1D6203672920095BEB4 /* Stumble_MatchesTests */ = {
			isa = PBXGroup;
			children = (
				85D3E1D7203672920095BEB4 /* Stumble_MatchesTests.swift */,
				85D3E1D9203672920095BEB4 /* Info.plist */,
			);
			path = Stumble_MatchesTests;
			sourceTree = "<group>";
		};
		85D3E1E1203672920095BEB4 /* Stumble_MatchesUITests */ = {
			isa = PBXGroup;
			children = (
				85D3E1E2203672920095BEB4 /* Stumble_MatchesUITests.swift */,
				85D3E1E4203672920095BEB4 /* Info.plist */,
			);
			path = Stumble_MatchesUITests;
			sourceTree = "<group>";
		};
/* End PBXGroup section */

/* Begin PBXNativeTarget section */
		85D3E1BE203672920095BEB4 /* Stumble_Matches */ = {
			isa = PBXNativeTarget;
			buildConfigurationList = 85D3E1E7203672920095BEB4 /* Build configuration list for PBXNativeTarget "Stumble_Matches" */;
			buildPhases = (
				85D3E1BB203672920095BEB4 /* Sources */,
				85D3E1BC203672920095BEB4 /* Frameworks */,
				85D3E1BD203672920095BEB4 /* Resources */,
			);
			buildRules = (
			);
			dependencies = (
			);
			name = Stumble_Matches;
			productName = Stumble_Matches;
			productReference = 85D3E1BF203672920095BEB4 /* Stumble_Matches.app */;
			productType = "com.apple.product-type.application";
		};
		85D3E1D2203672920095BEB4 /* Stumble_MatchesTests */ = {
			isa = PBXNativeTarget;
			buildConfigurationList = 85D3E1EA203672920095BEB4 /* Build configuration list for PBXNativeTarget "Stumble_MatchesTests" */;
			buildPhases = (
				85D3E1CF203672920095BEB4 /* Sources */,
				85D3E1D0203672920095BEB4 /* Frameworks */,
				85D3E1D1203672920095BEB4 /* Resources */,
			);
			buildRules = (
			);
			dependencies = (
				85D3E1D5203672920095BEB4 /* PBXTargetDependency */,
			);
			name = Stumble_MatchesTests;
			productName = Stumble_MatchesTests;
			productReference = 85D3E1D3203672920095BEB4 /* Stumble_MatchesTests.xctest */;
			productType = "com.apple.product-type.bundle.unit-test";
		};
		85D3E1DD203672920095BEB4 /* Stumble_MatchesUITests */ = {
			isa = PBXNativeTarget;
			buildConfigurationList = 85D3E1ED203672920095BEB4 /* Build configuration list for PBXNativeTarget "Stumble_MatchesUITests" */;
			buildPhases = (
				85D3E1DA203672920095BEB4 /* Sources */,
				85D3E1DB203672920095BEB4 /* Frameworks */,
				85D3E1DC203672920095BEB4 /* Resources */,
			);
			buildRules = (
			);
			dependencies = (
				85D3E1E0203672920095BEB4 /* PBXTargetDependency */,
			);
			name = Stumble_MatchesUITests;
			productName = Stumble_MatchesUITests;
			productReference = 85D3E1DE203672920095BEB4 /* Stumble_MatchesUITests.xctest */;
			productType = "com.apple.product-type.bundle.ui-testing";
		};
/* End PBXNativeTarget section */

/* Begin PBXProject section */
		85D3E1B7203672920095BEB4 /* Project object */ = {
			isa = PBXProject;
			attributes = {
				LastSwiftUpdateCheck = 0920;
				LastUpgradeCheck = 0920;
				ORGANIZATIONNAME = "Emily Jackson";
				TargetAttributes = {
					85D3E1BE203672920095BEB4 = {
						CreatedOnToolsVersion = 9.2;
						ProvisioningStyle = Automatic;
					};
					85D3E1D2203672920095BEB4 = {
						CreatedOnToolsVersion = 9.2;
						ProvisioningStyle = Automatic;
						TestTargetID = 85D3E1BE203672920095BEB4;
					};
					85D3E1DD203672920095BEB4 = {
						CreatedOnToolsVersion = 9.2;
						ProvisioningStyle = Automatic;
						TestTargetID = 85D3E1BE203672920095BEB4;
					};
				};
			};
			buildConfigurationList = 85D3E1BA203672920095BEB4 /* Build configuration list for PBXProject "Stumble_Matches" */;
			compatibilityVersion = "Xcode 8.0";
			developmentRegion = en;
			hasScannedForEncodings = 0;
			knownRegions = (
				en,
				Base,
			);
			mainGroup = 85D3E1B6203672920095BEB4;
			productRefGroup = 85D3E1C0203672920095BEB4 /* Products */;
			projectDirPath = "";
			projectRoot = "";
			targets = (
				85D3E1BE203672920095BEB4 /* Stumble_Matches */,
				85D3E1D2203672920095BEB4 /* Stumble_MatchesTests */,
				85D3E1DD203672920095BEB4 /* Stumble_MatchesUITests */,
			);
		};
/* End PBXProject section */

/* Begin PBXResourcesBuildPhase section */
		85D3E1BD203672920095BEB4 /* Resources */ = {
			isa = PBXResourcesBuildPhase;
			buildActionMask = 2147483647;
			files = (
				85D3E1CD203672920095BEB4 /* LaunchScreen.storyboard in Resources */,
				851F11C8203A1E7200BF0568 /* db6_RAFT.jpg in Resources */,
				8543A76B20367AA800EF8D5B /* checked-filled.png in Resources */,
				85D3E1F12036786D0095BEB4 /* checked-filled.png in Resources */,
				85D3E1CA203672920095BEB4 /* Assets.xcassets in Resources */,
				851F11C4203A1E2100BF0568 /* 22449797_10212906857778812_7920802752274574858_n.jpg in Resources */,
				851F11C6203A1E2100BF0568 /* 18155936_10206741185926782_2149480342325310169_o.jpg in Resources */,
				851F11C5203A1E2100BF0568 /* 25442773_1745305322207090_2836341234567990004_n.jpg in Resources */,
				85D3E1C8203672920095BEB4 /* Main.storyboard in Resources */,
				851F11CA203A219D00BF0568 /* Screen Shot 2018-02-18 at 4.03.01 PM.png in Resources */,
			);
			runOnlyForDeploymentPostprocessing = 0;
		};
		85D3E1D1203672920095BEB4 /* Resources */ = {
			isa = PBXResourcesBuildPhase;
			buildActionMask = 2147483647;
			files = (
			);
			runOnlyForDeploymentPostprocessing = 0;
		};
		85D3E1DC203672920095BEB4 /* Resources */ = {
			isa = PBXResourcesBuildPhase;
			buildActionMask = 2147483647;
			files = (
			);
			runOnlyForDeploymentPostprocessing = 0;
		};
/* End PBXResourcesBuildPhase section */

/* Begin PBXSourcesBuildPhase section */
		85D3E1BB203672920095BEB4 /* Sources */ = {
			isa = PBXSourcesBuildPhase;
			buildActionMask = 2147483647;
			files = (
				85D3E1C5203672920095BEB4 /* ViewController.swift in Sources */,
				85D3E1C3203672920095BEB4 /* AppDelegate.swift in Sources */,
			);
			runOnlyForDeploymentPostprocessing = 0;
		};
		85D3E1CF203672920095BEB4 /* Sources */ = {
			isa = PBXSourcesBuildPhase;
			buildActionMask = 2147483647;
			files = (
				85D3E1D8203672920095BEB4 /* Stumble_MatchesTests.swift in Sources */,
			);
			runOnlyForDeploymentPostprocessing = 0;
		};
		85D3E1DA203672920095BEB4 /* Sources */ = {
			isa = PBXSourcesBuildPhase;
			buildActionMask = 2147483647;
			files = (
				85D3E1E3203672920095BEB4 /* Stumble_MatchesUITests.swift in Sources */,
			);
			runOnlyForDeploymentPostprocessing = 0;
		};
/* End PBXSourcesBuildPhase section */

/* Begin PBXTargetDependency section */
		85D3E1D5203672920095BEB4 /* PBXTargetDependency */ = {
			isa = PBXTargetDependency;
			target = 85D3E1BE203672920095BEB4 /* Stumble_Matches */;
			targetProxy = 85D3E1D4203672920095BEB4 /* PBXContainerItemProxy */;
		};
		85D3E1E0203672920095BEB4 /* PBXTargetDependency */ = {
			isa = PBXTargetDependency;
			target = 85D3E1BE203672920095BEB4 /* Stumble_Matches */;
			targetProxy = 85D3E1DF203672920095BEB4 /* PBXContainerItemProxy */;
		};
/* End PBXTargetDependency section */

/* Begin PBXVariantGroup section */
		85D3E1C6203672920095BEB4 /* Main.storyboard */ = {
			isa = PBXVariantGroup;
			children = (
				85D3E1C7203672920095BEB4 /* Base */,
			);
			name = Main.storyboard;
			sourceTree = "<group>";
		};
		85D3E1CB203672920095BEB4 /* LaunchScreen.storyboard */ = {
			isa = PBXVariantGroup;
			children = (
				85D3E1CC203672920095BEB4 /* Base */,
			);
			name = LaunchScreen.storyboard;
			sourceTree = "<group>";
		};
/* End PBXVariantGroup section */

/* Begin XCBuildConfiguration section */
		85D3E1E5203672920095BEB4 /* Debug */ = {
			isa = XCBuildConfiguration;
			buildSettings = {
				ALWAYS_SEARCH_USER_PATHS = NO;
				CLANG_ANALYZER_NONNULL = YES;
				CLANG_ANALYZER_NUMBER_OBJECT_CONVERSION = YES_AGGRESSIVE;
				CLANG_CXX_LANGUAGE_STANDARD = "gnu++14";
				CLANG_CXX_LIBRARY = "libc++";
				CLANG_ENABLE_MODULES = YES;
				CLANG_ENABLE_OBJC_ARC = YES;
				CLANG_WARN_BLOCK_CAPTURE_AUTORELEASING = YES;
				CLANG_WARN_BOOL_CONVERSION = YES;
				CLANG_WARN_COMMA = YES;
				CLANG_WARN_CONSTANT_CONVERSION = YES;
				CLANG_WARN_DIRECT_OBJC_ISA_USAGE = YES_ERROR;
				CLANG_WARN_DOCUMENTATION_COMMENTS = YES;
				CLANG_WARN_EMPTY_BODY = YES;
				CLANG_WARN_ENUM_CONVERSION = YES;
				CLANG_WARN_INFINITE_RECURSION = YES;
				CLANG_WARN_INT_CONVERSION = YES;
				CLANG_WARN_NON_LITERAL_NULL_CONVERSION = YES;
				CLANG_WARN_OBJC_LITERAL_CONVERSION = YES;
				CLANG_WARN_OBJC_ROOT_CLASS = YES_ERROR;
				CLANG_WARN_RANGE_LOOP_ANALYSIS = YES;
				CLANG_WARN_STRICT_PROTOTYPES = YES;
				CLANG_WARN_SUSPICIOUS_MOVE = YES;
				CLANG_WARN_UNGUARDED_AVAILABILITY = YES_AGGRESSIVE;
				CLANG_WARN_UNREACHABLE_CODE = YES;
				CLANG_WARN__DUPLICATE_METHOD_MATCH = YES;
				CODE_SIGN_IDENTITY = "iPhone Developer";
				COPY_PHASE_STRIP = NO;
				DEBUG_INFORMATION_FORMAT = dwarf;
				ENABLE_STRICT_OBJC_MSGSEND = YES;
				ENABLE_TESTABILITY = YES;
				GCC_C_LANGUAGE_STANDARD = gnu11;
				GCC_DYNAMIC_NO_PIC = NO;
				GCC_NO_COMMON_BLOCKS = YES;
				GCC_OPTIMIZATION_LEVEL = 0;
				GCC_PREPROCESSOR_DEFINITIONS = (
					"DEBUG=1",
					"$(inherited)",
				);
				GCC_WARN_64_TO_32_BIT_CONVERSION = YES;
				GCC_WARN_ABOUT_RETURN_TYPE = YES_ERROR;
				GCC_WARN_UNDECLARED_SELECTOR = YES;
				GCC_WARN_UNINITIALIZED_AUTOS = YES_AGGRESSIVE;
				GCC_WARN_UNUSED_FUNCTION = YES;
				GCC_WARN_UNUSED_VARIABLE = YES;
				IPHONEOS_DEPLOYMENT_TARGET = 11.2;
				MTL_ENABLE_DEBUG_INFO = YES;
				ONLY_ACTIVE_ARCH = YES;
				SDKROOT = iphoneos;
				SWIFT_ACTIVE_COMPILATION_CONDITIONS = DEBUG;
				SWIFT_OPTIMIZATION_LEVEL = "-Onone";
			};
			name = Debug;
		};
		85D3E1E6203672920095BEB4 /* Release */ = {
			isa = XCBuildConfiguration;
			buildSettings = {
				ALWAYS_SEARCH_USER_PATHS = NO;
				CLANG_ANALYZER_NONNULL = YES;
				CLANG_ANALYZER_NUMBER_OBJECT_CONVERSION = YES_AGGRESSIVE;
				CLANG_CXX_LANGUAGE_STANDARD = "gnu++14";
				CLANG_CXX_LIBRARY = "libc++";
				CLANG_ENABLE_MODULES = YES;
				CLANG_ENABLE_OBJC_ARC = YES;
				CLANG_WARN_BLOCK_CAPTURE_AUTORELEASING = YES;
				CLANG_WARN_BOOL_CONVERSION = YES;
				CLANG_WARN_COMMA = YES;
				CLANG_WARN_CONSTANT_CONVERSION = YES;
				CLANG_WARN_DIRECT_OBJC_ISA_USAGE = YES_ERROR;
				CLANG_WARN_DOCUMENTATION_COMMENTS = YES;
				CLANG_WARN_EMPTY_BODY = YES;
				CLANG_WARN_ENUM_CONVERSION = YES;
				CLANG_WARN_INFINITE_RECURSION = YES;
				CLANG_WARN_INT_CONVERSION = YES;
				CLANG_WARN_NON_LITERAL_NULL_CONVERSION = YES;
				CLANG_WARN_OBJC_LITERAL_CONVERSION = YES;
				CLANG_WARN_OBJC_ROOT_CLASS = YES_ERROR;
				CLANG_WARN_RANGE_LOOP_ANALYSIS = YES;
				CLANG_WARN_STRICT_PROTOTYPES = YES;
				CLANG_WARN_SUSPICIOUS_MOVE = YES;
				CLANG_WARN_UNGUARDED_AVAILABILITY = YES_AGGRESSIVE;
				CLANG_WARN_UNREACHABLE_CODE = YES;
				CLANG_WARN__DUPLICATE_METHOD_MATCH = YES;
				CODE_SIGN_IDENTITY = "iPhone Developer";
				COPY_PHASE_STRIP = NO;
				DEBUG_INFORMATION_FORMAT = "dwarf-with-dsym";
				ENABLE_NS_ASSERTIONS = NO;
				ENABLE_STRICT_OBJC_MSGSEND = YES;
				GCC_C_LANGUAGE_STANDARD = gnu11;
				GCC_NO_COMMON_BLOCKS = YES;
				GCC_WARN_64_TO_32_BIT_CONVERSION = YES;
				GCC_WARN_ABOUT_RETURN_TYPE = YES_ERROR;
				GCC_WARN_UNDECLARED_SELECTOR = YES;
				GCC_WARN_UNINITIALIZED_AUTOS = YES_AGGRESSIVE;
				GCC_WARN_UNUSED_FUNCTION = YES;
				GCC_WARN_UNUSED_VARIABLE = YES;
				IPHONEOS_DEPLOYMENT_TARGET = 11.2;
				MTL_ENABLE_DEBUG_INFO = NO;
				SDKROOT = iphoneos;
				SWIFT_OPTIMIZATION_LEVEL = "-Owholemodule";
				VALIDATE_PRODUCT = YES;
			};
			name = Release;
		};
		85D3E1E8203672920095BEB4 /* Debug */ = {
			isa = XCBuildConfiguration;
			buildSettings = {
				ASSETCATALOG_COMPILER_APPICON_NAME = AppIcon;
				CODE_SIGN_STYLE = Automatic;
				INFOPLIST_FILE = Stumble_Matches/Info.plist;
				LD_RUNPATH_SEARCH_PATHS = "$(inherited) @executable_path/Frameworks";
				PRODUCT_BUNDLE_IDENTIFIER = "CSCI-4800.Stumble-Matches";
				PRODUCT_NAME = "$(TARGET_NAME)";
				SWIFT_VERSION = 4.0;
				TARGETED_DEVICE_FAMILY = "1,2";
			};
			name = Debug;
		};
		85D3E1E9203672920095BEB4 /* Release */ = {
			isa = XCBuildConfiguration;
			buildSettings = {
				ASSETCATALOG_COMPILER_APPICON_NAME = AppIcon;
				CODE_SIGN_STYLE = Automatic;
				INFOPLIST_FILE = Stumble_Matches/Info.plist;
				LD_RUNPATH_SEARCH_PATHS = "$(inherited) @executable_path/Frameworks";
				PRODUCT_BUNDLE_IDENTIFIER = "CSCI-4800.Stumble-Matches";
				PRODUCT_NAME = "$(TARGET_NAME)";
				SWIFT_VERSION = 4.0;
				TARGETED_DEVICE_FAMILY = "1,2";
			};
			name = Release;
		};
		85D3E1EB203672920095BEB4 /* Debug */ = {
			isa = XCBuildConfiguration;
			buildSettings = {
				ALWAYS_EMBED_SWIFT_STANDARD_LIBRARIES = YES;
				BUNDLE_LOADER = "$(TEST_HOST)";
				CODE_SIGN_STYLE = Automatic;
				INFOPLIST_FILE = Stumble_MatchesTests/Info.plist;
				LD_RUNPATH_SEARCH_PATHS = "$(inherited) @executable_path/Frameworks @loader_path/Frameworks";
				PRODUCT_BUNDLE_IDENTIFIER = "CSCI-4800.Stumble-MatchesTests";
				PRODUCT_NAME = "$(TARGET_NAME)";
				SWIFT_VERSION = 4.0;
				TARGETED_DEVICE_FAMILY = "1,2";
				TEST_HOST = "$(BUILT_PRODUCTS_DIR)/Stumble_Matches.app/Stumble_Matches";
			};
			name = Debug;
		};
		85D3E1EC203672920095BEB4 /* Release */ = {
			isa = XCBuildConfiguration;
			buildSettings = {
				ALWAYS_EMBED_SWIFT_STANDARD_LIBRARIES = YES;
				BUNDLE_LOADER = "$(TEST_HOST)";
				CODE_SIGN_STYLE = Automatic;
				INFOPLIST_FILE = Stumble_MatchesTests/Info.plist;
				LD_RUNPATH_SEARCH_PATHS = "$(inherited) @executable_path/Frameworks @loader_path/Frameworks";
				PRODUCT_BUNDLE_IDENTIFIER = "CSCI-4800.Stumble-MatchesTests";
				PRODUCT_NAME = "$(TARGET_NAME)";
				SWIFT_VERSION = 4.0;
				TARGETED_DEVICE_FAMILY = "1,2";
				TEST_HOST = "$(BUILT_PRODUCTS_DIR)/Stumble_Matches.app/Stumble_Matches";
			};
			name = Release;
		};
		85D3E1EE203672920095BEB4 /* Debug */ = {
			isa = XCBuildConfiguration;
			buildSettings = {
				ALWAYS_EMBED_SWIFT_STANDARD_LIBRARIES = YES;
				CODE_SIGN_STYLE = Automatic;
				INFOPLIST_FILE = Stumble_MatchesUITests/Info.plist;
				LD_RUNPATH_SEARCH_PATHS = "$(inherited) @executable_path/Frameworks @loader_path/Frameworks";
				PRODUCT_BUNDLE_IDENTIFIER = "CSCI-4800.Stumble-MatchesUITests";
				PRODUCT_NAME = "$(TARGET_NAME)";
				SWIFT_VERSION = 4.0;
				TARGETED_DEVICE_FAMILY = "1,2";
				TEST_TARGET_NAME = Stumble_Matches;
			};
			name = Debug;
		};
		85D3E1EF203672920095BEB4 /* Release */ = {
			isa = XCBuildConfiguration;
			buildSettings = {
				ALWAYS_EMBED_SWIFT_STANDARD_LIBRARIES = YES;
				CODE_SIGN_STYLE = Automatic;
				INFOPLIST_FILE = Stumble_MatchesUITests/Info.plist;
				LD_RUNPATH_SEARCH_PATHS = "$(inherited) @executable_path/Frameworks @loader_path/Frameworks";
				PRODUCT_BUNDLE_IDENTIFIER = "CSCI-4800.Stumble-MatchesUITests";
				PRODUCT_NAME = "$(TARGET_NAME)";
				SWIFT_VERSION = 4.0;
				TARGETED_DEVICE_FAMILY = "1,2";
				TEST_TARGET_NAME = Stumble_Matches;
			};
			name = Release;
		};
/* End XCBuildConfiguration section */

/* Begin XCConfigurationList section */
		85D3E1BA203672920095BEB4 /* Build configuration list for PBXProject "Stumble_Matches" */ = {
			isa = XCConfigurationList;
			buildConfigurations = (
				85D3E1E5203672920095BEB4 /* Debug */,
				85D3E1E6203672920095BEB4 /* Release */,
			);
			defaultConfigurationIsVisible = 0;
			defaultConfigurationName = Release;
		};
		85D3E1E7203672920095BEB4 /* Build configuration list for PBXNativeTarget "Stumble_Matches" */ = {
			isa = XCConfigurationList;
			buildConfigurations = (
				85D3E1E8203672920095BEB4 /* Debug */,
				85D3E1E9203672920095BEB4 /* Release */,
			);
			defaultConfigurationIsVisible = 0;
			defaultConfigurationName = Release;
		};
		85D3E1EA203672920095BEB4 /* Build configuration list for PBXNativeTarget "Stumble_MatchesTests" */ = {
			isa = XCConfigurationList;
			buildConfigurations = (
				85D3E1EB203672920095BEB4 /* Debug */,
				85D3E1EC203672920095BEB4 /* Release */,
			);
			defaultConfigurationIsVisible = 0;
			defaultConfigurationName = Release;
		};
		85D3E1ED203672920095BEB4 /* Build configuration list for PBXNativeTarget "Stumble_MatchesUITests" */ = {
			isa = XCConfigurationList;
			buildConfigurations = (
				85D3E1EE203672920095BEB4 /* Debug */,
				85D3E1EF203672920095BEB4 /* Release */,
			);
			defaultConfigurationIsVisible = 0;
			defaultConfigurationName = Release;
		};
/* End XCConfigurationList section */
	};
	rootObject = 85D3E1B7203672920095BEB4 /* Project object */;
}
